// !$*UTF8*$!
{
	archiveVersion = 1;
	classes = {
	};
	objectVersion = 56;
	objects = {

/* Begin PBXBuildFile section */
		7701D3D12C7F46F600E3D324 /* HomeView.swift in Sources */ = {isa = PBXBuildFile; fileRef = 7701D3D02C7F46F600E3D324 /* HomeView.swift */; };
		7701D3D32C7F487E00E3D324 /* NewsResponse.swift in Sources */ = {isa = PBXBuildFile; fileRef = 7701D3D22C7F487E00E3D324 /* NewsResponse.swift */; };
		7701D3D72C7F492D00E3D324 /* NewsEndpoint.swift in Sources */ = {isa = PBXBuildFile; fileRef = 7701D3D62C7F492D00E3D324 /* NewsEndpoint.swift */; };
		7701D3DA2C7F4B9600E3D324 /* Config.swift in Sources */ = {isa = PBXBuildFile; fileRef = 7701D3D92C7F4B9600E3D324 /* Config.swift */; };
		7701D3DC2C7F4C2000E3D324 /* Info.plist in Resources */ = {isa = PBXBuildFile; fileRef = 7701D3DB2C7F4C2000E3D324 /* Info.plist */; };
		7719EF5A2C7F944F00EE64AF /* ResultState.swift in Sources */ = {isa = PBXBuildFile; fileRef = 7719EF592C7F944F00EE64AF /* ResultState.swift */; };
		7719EF5D2C7F94B500EE64AF /* NewsViewModel.swift in Sources */ = {isa = PBXBuildFile; fileRef = 7719EF5C2C7F94B500EE64AF /* NewsViewModel.swift */; };
		776490F62C7F3F6900DE74AE /* TestingNewsAPIApp.swift in Sources */ = {isa = PBXBuildFile; fileRef = 776490F52C7F3F6900DE74AE /* TestingNewsAPIApp.swift */; };
		776490FA2C7F3F6A00DE74AE /* Assets.xcassets in Resources */ = {isa = PBXBuildFile; fileRef = 776490F92C7F3F6A00DE74AE /* Assets.xcassets */; };
		776490FD2C7F3F6A00DE74AE /* Preview Assets.xcassets in Resources */ = {isa = PBXBuildFile; fileRef = 776490FC2C7F3F6A00DE74AE /* Preview Assets.xcassets */; };
		776CF9882C7F8F59003B6DE6 /* NewsService.swift in Sources */ = {isa = PBXBuildFile; fileRef = 776CF9872C7F8F59003B6DE6 /* NewsService.swift */; };
		777915CE2C7F505000185FC6 /* ApiError.swift in Sources */ = {isa = PBXBuildFile; fileRef = 777915CD2C7F505000185FC6 /* ApiError.swift */; };
/* End PBXBuildFile section */

/* Begin PBXFileReference section */
		7701D3D02C7F46F600E3D324 /* HomeView.swift */ = {isa = PBXFileReference; lastKnownFileType = sourcecode.swift; path = HomeView.swift; sourceTree = "<group>"; };
		7701D3D22C7F487E00E3D324 /* NewsResponse.swift */ = {isa = PBXFileReference; lastKnownFileType = sourcecode.swift; path = NewsResponse.swift; sourceTree = "<group>"; };
		7701D3D62C7F492D00E3D324 /* NewsEndpoint.swift */ = {isa = PBXFileReference; lastKnownFileType = sourcecode.swift; path = NewsEndpoint.swift; sourceTree = "<group>"; };
		7701D3D92C7F4B9600E3D324 /* Config.swift */ = {isa = PBXFileReference; lastKnownFileType = sourcecode.swift; path = Config.swift; sourceTree = "<group>"; };
		7701D3DB2C7F4C2000E3D324 /* Info.plist */ = {isa = PBXFileReference; lastKnownFileType = text.plist.xml; path = Info.plist; sourceTree = "<group>"; };
		7719EF592C7F944F00EE64AF /* ResultState.swift */ = {isa = PBXFileReference; lastKnownFileType = sourcecode.swift; path = ResultState.swift; sourceTree = "<group>"; };
		7719EF5C2C7F94B500EE64AF /* NewsViewModel.swift */ = {isa = PBXFileReference; lastKnownFileType = sourcecode.swift; path = NewsViewModel.swift; sourceTree = "<group>"; };
		776490F22C7F3F6900DE74AE /* TestingNewsAPI.app */ = {isa = PBXFileReference; explicitFileType = wrapper.application; includeInIndex = 0; path = TestingNewsAPI.app; sourceTree = BUILT_PRODUCTS_DIR; };
		776490F52C7F3F6900DE74AE /* TestingNewsAPIApp.swift */ = {isa = PBXFileReference; lastKnownFileType = sourcecode.swift; path = TestingNewsAPIApp.swift; sourceTree = "<group>"; };
		776490F92C7F3F6A00DE74AE /* Assets.xcassets */ = {isa = PBXFileReference; lastKnownFileType = folder.assetcatalog; path = Assets.xcassets; sourceTree = "<group>"; };
		776490FC2C7F3F6A00DE74AE /* Preview Assets.xcassets */ = {isa = PBXFileReference; lastKnownFileType = folder.assetcatalog; path = "Preview Assets.xcassets"; sourceTree = "<group>"; };
		776CF9872C7F8F59003B6DE6 /* NewsService.swift */ = {isa = PBXFileReference; lastKnownFileType = sourcecode.swift; path = NewsService.swift; sourceTree = "<group>"; };
		777915CD2C7F505000185FC6 /* ApiError.swift */ = {isa = PBXFileReference; lastKnownFileType = sourcecode.swift; path = ApiError.swift; sourceTree = "<group>"; };
/* End PBXFileReference section */

/* Begin PBXFrameworksBuildPhase section */
		776490EF2C7F3F6900DE74AE /* Frameworks */ = {
			isa = PBXFrameworksBuildPhase;
			buildActionMask = 2147483647;
			files = (
			);
			runOnlyForDeploymentPostprocessing = 0;
		};
/* End PBXFrameworksBuildPhase section */

/* Begin PBXGroup section */
		7701D3CF2C7F46E300E3D324 /* Views */ = {
			isa = PBXGroup;
			children = (
				7701D3D02C7F46F600E3D324 /* HomeView.swift */,
			);
			path = Views;
			sourceTree = "<group>";
		};
		7701D3D42C7F489C00E3D324 /* Models */ = {
			isa = PBXGroup;
			children = (
				7701D3D22C7F487E00E3D324 /* NewsResponse.swift */,
			);
			path = Models;
			sourceTree = "<group>";
		};
		7701D3D52C7F491A00E3D324 /* Endpoint */ = {
			isa = PBXGroup;
			children = (
				7701D3D62C7F492D00E3D324 /* NewsEndpoint.swift */,
			);
			path = Endpoint;
			sourceTree = "<group>";
		};
		7701D3D82C7F4B6300E3D324 /* Config */ = {
			isa = PBXGroup;
			children = (
				7701D3D92C7F4B9600E3D324 /* Config.swift */,
			);
			path = Config;
			sourceTree = "<group>";
		};
		7719EF582C7F943800EE64AF /* State */ = {
			isa = PBXGroup;
			children = (
				7719EF592C7F944F00EE64AF /* ResultState.swift */,
			);
			path = State;
			sourceTree = "<group>";
		};
		7719EF5B2C7F949700EE64AF /* ViewModel */ = {
			isa = PBXGroup;
			children = (
				7719EF5C2C7F94B500EE64AF /* NewsViewModel.swift */,
			);
			path = ViewModel;
			sourceTree = "<group>";
		};
		776490E92C7F3F6900DE74AE = {
			isa = PBXGroup;
			children = (
				776490F42C7F3F6900DE74AE /* TestingNewsAPI */,
				776490F32C7F3F6900DE74AE /* Products */,
			);
			sourceTree = "<group>";
		};
		776490F32C7F3F6900DE74AE /* Products */ = {
			isa = PBXGroup;
			children = (
				776490F22C7F3F6900DE74AE /* TestingNewsAPI.app */,
			);
			name = Products;
			sourceTree = "<group>";
		};
		776490F42C7F3F6900DE74AE /* TestingNewsAPI */ = {
			isa = PBXGroup;
			children = (
				7719EF5B2C7F949700EE64AF /* ViewModel */,
				7719EF582C7F943800EE64AF /* State */,
				776CF9892C7F8F5D003B6DE6 /* Service */,
				777915CC2C7F503B00185FC6 /* Error */,
				7701D3D82C7F4B6300E3D324 /* Config */,
				7701D3D52C7F491A00E3D324 /* Endpoint */,
				7701D3D42C7F489C00E3D324 /* Models */,
				7701D3CF2C7F46E300E3D324 /* Views */,
				776490F52C7F3F6900DE74AE /* TestingNewsAPIApp.swift */,
				776490F92C7F3F6A00DE74AE /* Assets.xcassets */,
				776490FB2C7F3F6A00DE74AE /* Preview Content */,
				7701D3DB2C7F4C2000E3D324 /* Info.plist */,
			);
			path = TestingNewsAPI;
			sourceTree = "<group>";
		};
		776490FB2C7F3F6A00DE74AE /* Preview Content */ = {
			isa = PBXGroup;
			children = (
				776490FC2C7F3F6A00DE74AE /* Preview Assets.xcassets */,
			);
			path = "Preview Content";
			sourceTree = "<group>";
		};
		776CF9892C7F8F5D003B6DE6 /* Service */ = {
			isa = PBXGroup;
			children = (
				776CF9872C7F8F59003B6DE6 /* NewsService.swift */,
			);
			path = Service;
			sourceTree = "<group>";
		};
		777915CC2C7F503B00185FC6 /* Error */ = {
			isa = PBXGroup;
			children = (
				777915CD2C7F505000185FC6 /* ApiError.swift */,
			);
			path = Error;
			sourceTree = "<group>";
		};
/* End PBXGroup section */

/* Begin PBXNativeTarget section */
		776490F12C7F3F6900DE74AE /* TestingNewsAPI */ = {
			isa = PBXNativeTarget;
			buildConfigurationList = 776491002C7F3F6A00DE74AE /* Build configuration list for PBXNativeTarget "TestingNewsAPI" */;
			buildPhases = (
				776490EE2C7F3F6900DE74AE /* Sources */,
				776490EF2C7F3F6900DE74AE /* Frameworks */,
				776490F02C7F3F6900DE74AE /* Resources */,
			);
			buildRules = (
			);
			dependencies = (
			);
			name = TestingNewsAPI;
			productName = TestingNewsAPI;
			productReference = 776490F22C7F3F6900DE74AE /* TestingNewsAPI.app */;
			productType = "com.apple.product-type.application";
		};
/* End PBXNativeTarget section */

/* Begin PBXProject section */
		776490EA2C7F3F6900DE74AE /* Project object */ = {
			isa = PBXProject;
			attributes = {
				BuildIndependentTargetsInParallel = 1;
				LastSwiftUpdateCheck = 1510;
				LastUpgradeCheck = 1510;
				TargetAttributes = {
					776490F12C7F3F6900DE74AE = {
						CreatedOnToolsVersion = 15.1;
					};
				};
			};
			buildConfigurationList = 776490ED2C7F3F6900DE74AE /* Build configuration list for PBXProject "TestingNewsAPI" */;
			compatibilityVersion = "Xcode 14.0";
			developmentRegion = en;
			hasScannedForEncodings = 0;
			knownRegions = (
				en,
				Base,
			);
			mainGroup = 776490E92C7F3F6900DE74AE;
			productRefGroup = 776490F32C7F3F6900DE74AE /* Products */;
			projectDirPath = "";
			projectRoot = "";
			targets = (
				776490F12C7F3F6900DE74AE /* TestingNewsAPI */,
			);
		};
/* End PBXProject section */

/* Begin PBXResourcesBuildPhase section */
		776490F02C7F3F6900DE74AE /* Resources */ = {
			isa = PBXResourcesBuildPhase;
			buildActionMask = 2147483647;
			files = (
				776490FD2C7F3F6A00DE74AE /* Preview Assets.xcassets in Resources */,
				776490FA2C7F3F6A00DE74AE /* Assets.xcassets in Resources */,
				7701D3DC2C7F4C2000E3D324 /* Info.plist in Resources */,
			);
			runOnlyForDeploymentPostprocessing = 0;
		};
/* End PBXResourcesBuildPhase section */

/* Begin PBXSourcesBuildPhase section */
		776490EE2C7F3F6900DE74AE /* Sources */ = {
			isa = PBXSourcesBuildPhase;
			buildActionMask = 2147483647;
			files = (
				7701D3D32C7F487E00E3D324 /* NewsResponse.swift in Sources */,
				7719EF5D2C7F94B500EE64AF /* NewsViewModel.swift in Sources */,
				7701D3D12C7F46F600E3D324 /* HomeView.swift in Sources */,
				7701D3DA2C7F4B9600E3D324 /* Config.swift in Sources */,
				776CF9882C7F8F59003B6DE6 /* NewsService.swift in Sources */,
				7719EF5A2C7F944F00EE64AF /* ResultState.swift in Sources */,
				776490F62C7F3F6900DE74AE /* TestingNewsAPIApp.swift in Sources */,
				7701D3D72C7F492D00E3D324 /* NewsEndpoint.swift in Sources */,
				777915CE2C7F505000185FC6 /* ApiError.swift in Sources */,
			);
			runOnlyForDeploymentPostprocessing = 0;
		};
/* End PBXSourcesBuildPhase section */

/* Begin XCBuildConfiguration section */
		776490FE2C7F3F6A00DE74AE /* Debug */ = {
			isa = XCBuildConfiguration;
			buildSettings = {
				ALWAYS_SEARCH_USER_PATHS = NO;
				ASSETCATALOG_COMPILER_GENERATE_SWIFT_ASSET_SYMBOL_EXTENSIONS = YES;
				CLANG_ANALYZER_NONNULL = YES;
				CLANG_ANALYZER_NUMBER_OBJECT_CONVERSION = YES_AGGRESSIVE;
				CLANG_CXX_LANGUAGE_STANDARD = "gnu++20";
				CLANG_ENABLE_MODULES = YES;
				CLANG_ENABLE_OBJC_ARC = YES;
				CLANG_ENABLE_OBJC_WEAK = YES;
				CLANG_WARN_BLOCK_CAPTURE_AUTORELEASING = YES;
				CLANG_WARN_BOOL_CONVERSION = YES;
				CLANG_WARN_COMMA = YES;
				CLANG_WARN_CONSTANT_CONVERSION = YES;
				CLANG_WARN_DEPRECATED_OBJC_IMPLEMENTATIONS = YES;
				CLANG_WARN_DIRECT_OBJC_ISA_USAGE = YES_ERROR;
				CLANG_WARN_DOCUMENTATION_COMMENTS = YES;
				CLANG_WARN_EMPTY_BODY = YES;
				CLANG_WARN_ENUM_CONVERSION = YES;
				CLANG_WARN_INFINITE_RECURSION = YES;
				CLANG_WARN_INT_CONVERSION = YES;
				CLANG_WARN_NON_LITERAL_NULL_CONVERSION = YES;
				CLANG_WARN_OBJC_IMPLICIT_RETAIN_SELF = YES;
				CLANG_WARN_OBJC_LITERAL_CONVERSION = YES;
				CLANG_WARN_OBJC_ROOT_CLASS = YES_ERROR;
				CLANG_WARN_QUOTED_INCLUDE_IN_FRAMEWORK_HEADER = YES;
				CLANG_WARN_RANGE_LOOP_ANALYSIS = YES;
				CLANG_WARN_STRICT_PROTOTYPES = YES;
				CLANG_WARN_SUSPICIOUS_MOVE = YES;
				CLANG_WARN_UNGUARDED_AVAILABILITY = YES_AGGRESSIVE;
				CLANG_WARN_UNREACHABLE_CODE = YES;
				CLANG_WARN__DUPLICATE_METHOD_MATCH = YES;
				COPY_PHASE_STRIP = NO;
				DEBUG_INFORMATION_FORMAT = dwarf;
				ENABLE_STRICT_OBJC_MSGSEND = YES;
				ENABLE_TESTABILITY = YES;
				ENABLE_USER_SCRIPT_SANDBOXING = YES;
				GCC_C_LANGUAGE_STANDARD = gnu17;
				GCC_DYNAMIC_NO_PIC = NO;
				GCC_NO_COMMON_BLOCKS = YES;
				GCC_OPTIMIZATION_LEVEL = 0;
				GCC_PREPROCESSOR_DEFINITIONS = (
					"DEBUG=1",
					"$(inherited)",
				);
				GCC_WARN_64_TO_32_BIT_CONVERSION = YES;
				GCC_WARN_ABOUT_RETURN_TYPE = YES_ERROR;
				GCC_WARN_UNDECLARED_SELECTOR = YES;
				GCC_WARN_UNINITIALIZED_AUTOS = YES_AGGRESSIVE;
				GCC_WARN_UNUSED_FUNCTION = YES;
				GCC_WARN_UNUSED_VARIABLE = YES;
				IPHONEOS_DEPLOYMENT_TARGET = 17.2;
				LOCALIZATION_PREFERS_STRING_CATALOGS = YES;
				MTL_ENABLE_DEBUG_INFO = INCLUDE_SOURCE;
				MTL_FAST_MATH = YES;
				ONLY_ACTIVE_ARCH = YES;
				SDKROOT = iphoneos;
				SWIFT_ACTIVE_COMPILATION_CONDITIONS = "DEBUG $(inherited)";
				SWIFT_OPTIMIZATION_LEVEL = "-Onone";
			};
			name = Debug;
		};
		776490FF2C7F3F6A00DE74AE /* Release */ = {
			isa = XCBuildConfiguration;
			buildSettings = {
				ALWAYS_SEARCH_USER_PATHS = NO;
				ASSETCATALOG_COMPILER_GENERATE_SWIFT_ASSET_SYMBOL_EXTENSIONS = YES;
				CLANG_ANALYZER_NONNULL = YES;
				CLANG_ANALYZER_NUMBER_OBJECT_CONVERSION = YES_AGGRESSIVE;
				CLANG_CXX_LANGUAGE_STANDARD = "gnu++20";
				CLANG_ENABLE_MODULES = YES;
				CLANG_ENABLE_OBJC_ARC = YES;
				CLANG_ENABLE_OBJC_WEAK = YES;
				CLANG_WARN_BLOCK_CAPTURE_AUTORELEASING = YES;
				CLANG_WARN_BOOL_CONVERSION = YES;
				CLANG_WARN_COMMA = YES;
				CLANG_WARN_CONSTANT_CONVERSION = YES;
				CLANG_WARN_DEPRECATED_OBJC_IMPLEMENTATIONS = YES;
				CLANG_WARN_DIRECT_OBJC_ISA_USAGE = YES_ERROR;
				CLANG_WARN_DOCUMENTATION_COMMENTS = YES;
				CLANG_WARN_EMPTY_BODY = YES;
				CLANG_WARN_ENUM_CONVERSION = YES;
				CLANG_WARN_INFINITE_RECURSION = YES;
				CLANG_WARN_INT_CONVERSION = YES;
				CLANG_WARN_NON_LITERAL_NULL_CONVERSION = YES;
				CLANG_WARN_OBJC_IMPLICIT_RETAIN_SELF = YES;
				CLANG_WARN_OBJC_LITERAL_CONVERSION = YES;
				CLANG_WARN_OBJC_ROOT_CLASS = YES_ERROR;
				CLANG_WARN_QUOTED_INCLUDE_IN_FRAMEWORK_HEADER = YES;
				CLANG_WARN_RANGE_LOOP_ANALYSIS = YES;
				CLANG_WARN_STRICT_PROTOTYPES = YES;
				CLANG_WARN_SUSPICIOUS_MOVE = YES;
				CLANG_WARN_UNGUARDED_AVAILABILITY = YES_AGGRESSIVE;
				CLANG_WARN_UNREACHABLE_CODE = YES;
				CLANG_WARN__DUPLICATE_METHOD_MATCH = YES;
				COPY_PHASE_STRIP = NO;
				DEBUG_INFORMATION_FORMAT = "dwarf-with-dsym";
				ENABLE_NS_ASSERTIONS = NO;
				ENABLE_STRICT_OBJC_MSGSEND = YES;
				ENABLE_USER_SCRIPT_SANDBOXING = YES;
				GCC_C_LANGUAGE_STANDARD = gnu17;
				GCC_NO_COMMON_BLOCKS = YES;
				GCC_WARN_64_TO_32_BIT_CONVERSION = YES;
				GCC_WARN_ABOUT_RETURN_TYPE = YES_ERROR;
				GCC_WARN_UNDECLARED_SELECTOR = YES;
				GCC_WARN_UNINITIALIZED_AUTOS = YES_AGGRESSIVE;
				GCC_WARN_UNUSED_FUNCTION = YES;
				GCC_WARN_UNUSED_VARIABLE = YES;
				IPHONEOS_DEPLOYMENT_TARGET = 17.2;
				LOCALIZATION_PREFERS_STRING_CATALOGS = YES;
				MTL_ENABLE_DEBUG_INFO = NO;
				MTL_FAST_MATH = YES;
				SDKROOT = iphoneos;
				SWIFT_COMPILATION_MODE = wholemodule;
				VALIDATE_PRODUCT = YES;
			};
			name = Release;
		};
		776491012C7F3F6A00DE74AE /* Debug */ = {
			isa = XCBuildConfiguration;
			buildSettings = {
				ASSETCATALOG_COMPILER_APPICON_NAME = AppIcon;
				ASSETCATALOG_COMPILER_GLOBAL_ACCENT_COLOR_NAME = AccentColor;
				CODE_SIGN_STYLE = Automatic;
				CURRENT_PROJECT_VERSION = 1;
				DEVELOPMENT_ASSET_PATHS = "\"TestingNewsAPI/Preview Content\"";
				DEVELOPMENT_TEAM = 2A3746WANH;
				ENABLE_PREVIEWS = YES;
				GENERATE_INFOPLIST_FILE = YES;
				INFOPLIST_KEY_UIApplicationSceneManifest_Generation = YES;
				INFOPLIST_KEY_UIApplicationSupportsIndirectInputEvents = YES;
				INFOPLIST_KEY_UILaunchScreen_Generation = YES;
				INFOPLIST_KEY_UISupportedInterfaceOrientations_iPad = "UIInterfaceOrientationPortrait UIInterfaceOrientationPortraitUpsideDown UIInterfaceOrientationLandscapeLeft UIInterfaceOrientationLandscapeRight";
				INFOPLIST_KEY_UISupportedInterfaceOrientations_iPhone = "UIInterfaceOrientationPortrait UIInterfaceOrientationLandscapeLeft UIInterfaceOrientationLandscapeRight";
				LD_RUNPATH_SEARCH_PATHS = (
					"$(inherited)",
					"@executable_path/Frameworks",
				);
				MARKETING_VERSION = 1.0;
				PRODUCT_BUNDLE_IDENTIFIER = "-.TestingNewsAPI";
				PRODUCT_NAME = "$(TARGET_NAME)";
				SWIFT_EMIT_LOC_STRINGS = YES;
				SWIFT_VERSION = 5.0;
				TARGETED_DEVICE_FAMILY = "1,2";
			};
			name = Debug;
		};
		776491022C7F3F6A00DE74AE /* Release */ = {
			isa = XCBuildConfiguration;
			buildSettings = {
				ASSETCATALOG_COMPILER_APPICON_NAME = AppIcon;
				ASSETCATALOG_COMPILER_GLOBAL_ACCENT_COLOR_NAME = AccentColor;
				CODE_SIGN_STYLE = Automatic;
				CURRENT_PROJECT_VERSION = 1;
				DEVELOPMENT_ASSET_PATHS = "\"TestingNewsAPI/Preview Content\"";
				DEVELOPMENT_TEAM = 2A3746WANH;
				ENABLE_PREVIEWS = YES;
				GENERATE_INFOPLIST_FILE = YES;
				INFOPLIST_KEY_UIApplicationSceneManifest_Generation = YES;
				INFOPLIST_KEY_UIApplicationSupportsIndirectInputEvents = YES;
				INFOPLIST_KEY_UILaunchScreen_Generation = YES;
				INFOPLIST_KEY_UISupportedInterfaceOrientations_iPad = "UIInterfaceOrientationPortrait UIInterfaceOrientationPortraitUpsideDown UIInterfaceOrientationLandscapeLeft UIInterfaceOrientationLandscapeRight";
				INFOPLIST_KEY_UISupportedInterfaceOrientations_iPhone = "UIInterfaceOrientationPortrait UIInterfaceOrientationLandscapeLeft UIInterfaceOrientationLandscapeRight";
				LD_RUNPATH_SEARCH_PATHS = (
					"$(inherited)",
					"@executable_path/Frameworks",
				);
				MARKETING_VERSION = 1.0;
				PRODUCT_BUNDLE_IDENTIFIER = "-.TestingNewsAPI";
				PRODUCT_NAME = "$(TARGET_NAME)";
				SWIFT_EMIT_LOC_STRINGS = YES;
				SWIFT_VERSION = 5.0;
				TARGETED_DEVICE_FAMILY = "1,2";
			};
			name = Release;
		};
/* End XCBuildConfiguration section */

/* Begin XCConfigurationList section */
		776490ED2C7F3F6900DE74AE /* Build configuration list for PBXProject "TestingNewsAPI" */ = {
			isa = XCConfigurationList;
			buildConfigurations = (
				776490FE2C7F3F6A00DE74AE /* Debug */,
				776490FF2C7F3F6A00DE74AE /* Release */,
			);
			defaultConfigurationIsVisible = 0;
			defaultConfigurationName = Release;
		};
		776491002C7F3F6A00DE74AE /* Build configuration list for PBXNativeTarget "TestingNewsAPI" */ = {
			isa = XCConfigurationList;
			buildConfigurations = (
				776491012C7F3F6A00DE74AE /* Debug */,
				776491022C7F3F6A00DE74AE /* Release */,
			);
			defaultConfigurationIsVisible = 0;
			defaultConfigurationName = Release;
		};
/* End XCConfigurationList section */
	};
	rootObject = 776490EA2C7F3F6900DE74AE /* Project object */;
}
